// !$*UTF8*$!
{
	archiveVersion = 1;
	classes = {
	};
	objectVersion = 50;
	objects = {

/* Begin PBXBuildFile section */
		2E84CC992208B055005F303A /* AppDelegate.swift in Sources */ = {isa = PBXBuildFile; fileRef = 2E84CC982208B055005F303A /* AppDelegate.swift */; };
		2E84CC9E2208B055005F303A /* Main.storyboard in Resources */ = {isa = PBXBuildFile; fileRef = 2E84CC9C2208B055005F303A /* Main.storyboard */; };
		2E84CCA02208B056005F303A /* Assets.xcassets in Resources */ = {isa = PBXBuildFile; fileRef = 2E84CC9F2208B056005F303A /* Assets.xcassets */; };
		2E84CCA32208B056005F303A /* LaunchScreen.storyboard in Resources */ = {isa = PBXBuildFile; fileRef = 2E84CCA12208B056005F303A /* LaunchScreen.storyboard */; };
		2E84CCAD2208B737005F303A /* Deck+Card.swift in Sources */ = {isa = PBXBuildFile; fileRef = 2E84CCAC2208B737005F303A /* Deck+Card.swift */; };
		2E84CCB02208BA87005F303A /* CardController.swift in Sources */ = {isa = PBXBuildFile; fileRef = 2E84CCAF2208BA87005F303A /* CardController.swift */; };
		2E84CCB32208C819005F303A /* CardViewController.swift in Sources */ = {isa = PBXBuildFile; fileRef = 2E84CCB22208C819005F303A /* CardViewController.swift */; };
/* End PBXBuildFile section */

/* Begin PBXFileReference section */
		2E84CC952208B055005F303A /* Deck_Of_One_Card.app */ = {isa = PBXFileReference; explicitFileType = wrapper.application; includeInIndex = 0; path = Deck_Of_One_Card.app; sourceTree = BUILT_PRODUCTS_DIR; };
		2E84CC982208B055005F303A /* AppDelegate.swift */ = {isa = PBXFileReference; lastKnownFileType = sourcecode.swift; path = AppDelegate.swift; sourceTree = "<group>"; };
		2E84CC9D2208B055005F303A /* Base */ = {isa = PBXFileReference; lastKnownFileType = file.storyboard; name = Base; path = Base.lproj/Main.storyboard; sourceTree = "<group>"; };
		2E84CC9F2208B056005F303A /* Assets.xcassets */ = {isa = PBXFileReference; lastKnownFileType = folder.assetcatalog; path = Assets.xcassets; sourceTree = "<group>"; };
		2E84CCA22208B056005F303A /* Base */ = {isa = PBXFileReference; lastKnownFileType = file.storyboard; name = Base; path = Base.lproj/LaunchScreen.storyboard; sourceTree = "<group>"; };
		2E84CCA42208B056005F303A /* Info.plist */ = {isa = PBXFileReference; lastKnownFileType = text.plist.xml; path = Info.plist; sourceTree = "<group>"; };
		2E84CCAC2208B737005F303A /* Deck+Card.swift */ = {isa = PBXFileReference; lastKnownFileType = sourcecode.swift; path = "Deck+Card.swift"; sourceTree = "<group>"; };
		2E84CCAF2208BA87005F303A /* CardController.swift */ = {isa = PBXFileReference; lastKnownFileType = sourcecode.swift; path = CardController.swift; sourceTree = "<group>"; };
		2E84CCB22208C819005F303A /* CardViewController.swift */ = {isa = PBXFileReference; lastKnownFileType = sourcecode.swift; path = CardViewController.swift; sourceTree = "<group>"; };
/* End PBXFileReference section */

/* Begin PBXFrameworksBuildPhase section */
		2E84CC922208B055005F303A /* Frameworks */ = {
			isa = PBXFrameworksBuildPhase;
			buildActionMask = 2147483647;
			files = (
			);
			runOnlyForDeploymentPostprocessing = 0;
		};
/* End PBXFrameworksBuildPhase section */

/* Begin PBXGroup section */
		2E84CC8C2208B055005F303A = {
			isa = PBXGroup;
			children = (
				2E84CC972208B055005F303A /* Deck_Of_One_Card */,
				2E84CC962208B055005F303A /* Products */,
			);
			sourceTree = "<group>";
		};
		2E84CC962208B055005F303A /* Products */ = {
			isa = PBXGroup;
			children = (
				2E84CC952208B055005F303A /* Deck_Of_One_Card.app */,
			);
			name = Products;
			sourceTree = "<group>";
		};
		2E84CC972208B055005F303A /* Deck_Of_One_Card */ = {
			isa = PBXGroup;
			children = (
				2E84CC982208B055005F303A /* AppDelegate.swift */,
				2E84CCAA2208B511005F303A /* Storyboards */,
				2E84CCAB2208B528005F303A /* Resources */,
				2E84CCAE2208B73C005F303A /* Model */,
				2E84CCB52208C89B005F303A /* Controllers */,
			);
			path = Deck_Of_One_Card;
			sourceTree = "<group>";
		};
		2E84CCAA2208B511005F303A /* Storyboards */ = {
			isa = PBXGroup;
			children = (
				2E84CC9C2208B055005F303A /* Main.storyboard */,
				2E84CCA12208B056005F303A /* LaunchScreen.storyboard */,
			);
			path = Storyboards;
			sourceTree = "<group>";
		};
		2E84CCAB2208B528005F303A /* Resources */ = {
			isa = PBXGroup;
			children = (
				2E84CC9F2208B056005F303A /* Assets.xcassets */,
				2E84CCA42208B056005F303A /* Info.plist */,
			);
			path = Resources;
			sourceTree = "<group>";
		};
		2E84CCAE2208B73C005F303A /* Model */ = {
			isa = PBXGroup;
			children = (
				2E84CCAC2208B737005F303A /* Deck+Card.swift */,
			);
			path = Model;
			sourceTree = "<group>";
		};
		2E84CCB12208BA8B005F303A /* Model Controller */ = {
			isa = PBXGroup;
			children = (
				2E84CCAF2208BA87005F303A /* CardController.swift */,
			);
			path = "Model Controller";
			sourceTree = "<group>";
		};
		2E84CCB42208C81C005F303A /* View Controller */ = {
			isa = PBXGroup;
			children = (
				2E84CCB22208C819005F303A /* CardViewController.swift */,
			);
			path = "View Controller";
			sourceTree = "<group>";
		};
		2E84CCB52208C89B005F303A /* Controllers */ = {
			isa = PBXGroup;
			children = (
				2E84CCB12208BA8B005F303A /* Model Controller */,
				2E84CCB42208C81C005F303A /* View Controller */,
			);
			path = Controllers;
			sourceTree = "<group>";
		};
/* End PBXGroup section */

/* Begin PBXNativeTarget section */
		2E84CC942208B055005F303A /* Deck_Of_One_Card */ = {
			isa = PBXNativeTarget;
			buildConfigurationList = 2E84CCA72208B056005F303A /* Build configuration list for PBXNativeTarget "Deck_Of_One_Card" */;
			buildPhases = (
				2E84CC912208B055005F303A /* Sources */,
				2E84CC922208B055005F303A /* Frameworks */,
				2E84CC932208B055005F303A /* Resources */,
			);
			buildRules = (
			);
			dependencies = (
			);
			name = Deck_Of_One_Card;
			productName = Deck_Of_One_Card;
			productReference = 2E84CC952208B055005F303A /* Deck_Of_One_Card.app */;
			productType = "com.apple.product-type.application";
		};
/* End PBXNativeTarget section */

/* Begin PBXProject section */
		2E84CC8D2208B055005F303A /* Project object */ = {
			isa = PBXProject;
			attributes = {
				LastSwiftUpdateCheck = 1010;
				LastUpgradeCheck = 1010;
				ORGANIZATIONNAME = "Deniz Tutuncu";
				TargetAttributes = {
					2E84CC942208B055005F303A = {
						CreatedOnToolsVersion = 10.1;
					};
				};
			};
			buildConfigurationList = 2E84CC902208B055005F303A /* Build configuration list for PBXProject "Deck_Of_One_Card" */;
			compatibilityVersion = "Xcode 9.3";
			developmentRegion = en;
			hasScannedForEncodings = 0;
			knownRegions = (
				en,
				Base,
			);
			mainGroup = 2E84CC8C2208B055005F303A;
			productRefGroup = 2E84CC962208B055005F303A /* Products */;
			projectDirPath = "";
			projectRoot = "";
			targets = (
				2E84CC942208B055005F303A /* Deck_Of_One_Card */,
			);
		};
/* End PBXProject section */

/* Begin PBXResourcesBuildPhase section */
		2E84CC932208B055005F303A /* Resources */ = {
			isa = PBXResourcesBuildPhase;
			buildActionMask = 2147483647;
			files = (
				2E84CCA32208B056005F303A /* LaunchScreen.storyboard in Resources */,
				2E84CCA02208B056005F303A /* Assets.xcassets in Resources */,
				2E84CC9E2208B055005F303A /* Main.storyboard in Resources */,
			);
			runOnlyForDeploymentPostprocessing = 0;
		};
/* End PBXResourcesBuildPhase section */

/* Begin PBXSourcesBuildPhase section */
		2E84CC912208B055005F303A /* Sources */ = {
			isa = PBXSourcesBuildPhase;
			buildActionMask = 2147483647;
			files = (
				2E84CCB32208C819005F303A /* CardViewController.swift in Sources */,
				2E84CCAD2208B737005F303A /* Deck+Card.swift in Sources */,
				2E84CCB02208BA87005F303A /* CardController.swift in Sources */,
				2E84CC992208B055005F303A /* AppDelegate.swift in Sources */,
			);
			runOnlyForDeploymentPostprocessing = 0;
		};
/* End PBXSourcesBuildPhase section */

/* Begin PBXVariantGroup section */
		2E84CC9C2208B055005F303A /* Main.storyboard */ = {
			isa = PBXVariantGroup;
			children = (
				2E84CC9D2208B055005F303A /* Base */,
			);
			name = Main.storyboard;
			sourceTree = "<group>";
		};
		2E84CCA12208B056005F303A /* LaunchScreen.storyboard */ = {
			isa = PBXVariantGroup;
			children = (
				2E84CCA22208B056005F303A /* Base */,
			);
			name = LaunchScreen.storyboard;
			sourceTree = "<group>";
		};
/* End PBXVariantGroup section */

/* Begin XCBuildConfiguration section */
		2E84CCA52208B056005F303A /* Debug */ = {
			isa = XCBuildConfiguration;
			buildSettings = {
				ALWAYS_SEARCH_USER_PATHS = NO;
				CLANG_ANALYZER_NONNULL = YES;
				CLANG_ANALYZER_NUMBER_OBJECT_CONVERSION = YES_AGGRESSIVE;
				CLANG_CXX_LANGUAGE_STANDARD = "gnu++14";
				CLANG_CXX_LIBRARY = "libc++";
				CLANG_ENABLE_MODULES = YES;
				CLANG_ENABLE_OBJC_ARC = YES;
				CLANG_ENABLE_OBJC_WEAK = YES;
				CLANG_WARN_BLOCK_CAPTURE_AUTORELEASING = YES;
				CLANG_WARN_BOOL_CONVERSION = YES;
				CLANG_WARN_COMMA = YES;
				CLANG_WARN_CONSTANT_CONVERSION = YES;
				CLANG_WARN_DEPRECATED_OBJC_IMPLEMENTATIONS = YES;
				CLANG_WARN_DIRECT_OBJC_ISA_USAGE = YES_ERROR;
				CLANG_WARN_DOCUMENTATION_COMMENTS = YES;
				CLANG_WARN_EMPTY_BODY = YES;
				CLANG_WARN_ENUM_CONVERSION = YES;
				CLANG_WARN_INFINITE_RECURSION = YES;
				CLANG_WARN_INT_CONVERSION = YES;
				CLANG_WARN_NON_LITERAL_NULL_CONVERSION = YES;
				CLANG_WARN_OBJC_IMPLICIT_RETAIN_SELF = YES;
				CLANG_WARN_OBJC_LITERAL_CONVERSION = YES;
				CLANG_WARN_OBJC_ROOT_CLASS = YES_ERROR;
				CLANG_WARN_RANGE_LOOP_ANALYSIS = YES;
				CLANG_WARN_STRICT_PROTOTYPES = YES;
				CLANG_WARN_SUSPICIOUS_MOVE = YES;
				CLANG_WARN_UNGUARDED_AVAILABILITY = YES_AGGRESSIVE;
				CLANG_WARN_UNREACHABLE_CODE = YES;
				CLANG_WARN__DUPLICATE_METHOD_MATCH = YES;
				CODE_SIGN_IDENTITY = "iPhone Developer";
				COPY_PHASE_STRIP = NO;
				DEBUG_INFORMATION_FORMAT = dwarf;
				ENABLE_STRICT_OBJC_MSGSEND = YES;
				ENABLE_TESTABILITY = YES;
				GCC_C_LANGUAGE_STANDARD = gnu11;
				GCC_DYNAMIC_NO_PIC = NO;
				GCC_NO_COMMON_BLOCKS = YES;
				GCC_OPTIMIZATION_LEVEL = 0;
				GCC_PREPROCESSOR_DEFINITIONS = (
					"DEBUG=1",
					"$(inherited)",
				);
				GCC_WARN_64_TO_32_BIT_CONVERSION = YES;
				GCC_WARN_ABOUT_RETURN_TYPE = YES_ERROR;
				GCC_WARN_UNDECLARED_SELECTOR = YES;
				GCC_WARN_UNINITIALIZED_AUTOS = YES_AGGRESSIVE;
				GCC_WARN_UNUSED_FUNCTION = YES;
				GCC_WARN_UNUSED_VARIABLE = YES;
				IPHONEOS_DEPLOYMENT_TARGET = 12.1;
				MTL_ENABLE_DEBUG_INFO = INCLUDE_SOURCE;
				MTL_FAST_MATH = YES;
				ONLY_ACTIVE_ARCH = YES;
				SDKROOT = iphoneos;
				SWIFT_ACTIVE_COMPILATION_CONDITIONS = DEBUG;
				SWIFT_OPTIMIZATION_LEVEL = "-Onone";
			};
			name = Debug;
		};
		2E84CCA62208B056005F303A /* Release */ = {
			isa = XCBuildConfiguration;
			buildSettings = {
				ALWAYS_SEARCH_USER_PATHS = NO;
				CLANG_ANALYZER_NONNULL = YES;
				CLANG_ANALYZER_NUMBER_OBJECT_CONVERSION = YES_AGGRESSIVE;
				CLANG_CXX_LANGUAGE_STANDARD = "gnu++14";
				CLANG_CXX_LIBRARY = "libc++";
				CLANG_ENABLE_MODULES = YES;
				CLANG_ENABLE_OBJC_ARC = YES;
				CLANG_ENABLE_OBJC_WEAK = YES;
				CLANG_WARN_BLOCK_CAPTURE_AUTORELEASING = YES;
				CLANG_WARN_BOOL_CONVERSION = YES;
				CLANG_WARN_COMMA = YES;
				CLANG_WARN_CONSTANT_CONVERSION = YES;
				CLANG_WARN_DEPRECATED_OBJC_IMPLEMENTATIONS = YES;
				CLANG_WARN_DIRECT_OBJC_ISA_USAGE = YES_ERROR;
				CLANG_WARN_DOCUMENTATION_COMMENTS = YES;
				CLANG_WARN_EMPTY_BODY = YES;
				CLANG_WARN_ENUM_CONVERSION = YES;
				CLANG_WARN_INFINITE_RECURSION = YES;
				CLANG_WARN_INT_CONVERSION = YES;
				CLANG_WARN_NON_LITERAL_NULL_CONVERSION = YES;
				CLANG_WARN_OBJC_IMPLICIT_RETAIN_SELF = YES;
				CLANG_WARN_OBJC_LITERAL_CONVERSION = YES;
				CLANG_WARN_OBJC_ROOT_CLASS = YES_ERROR;
				CLANG_WARN_RANGE_LOOP_ANALYSIS = YES;
				CLANG_WARN_STRICT_PROTOTYPES = YES;
				CLANG_WARN_SUSPICIOUS_MOVE = YES;
				CLANG_WARN_UNGUARDED_AVAILABILITY = YES_AGGRESSIVE;
				CLANG_WARN_UNREACHABLE_CODE = YES;
				CLANG_WARN__DUPLICATE_METHOD_MATCH = YES;
				CODE_SIGN_IDENTITY = "iPhone Developer";
				COPY_PHASE_STRIP = NO;
				DEBUG_INFORMATION_FORMAT = "dwarf-with-dsym";
				ENABLE_NS_ASSERTIONS = NO;
				ENABLE_STRICT_OBJC_MSGSEND = YES;
				GCC_C_LANGUAGE_STANDARD = gnu11;
				GCC_NO_COMMON_BLOCKS = YES;
				GCC_WARN_64_TO_32_BIT_CONVERSION = YES;
				GCC_WARN_ABOUT_RETURN_TYPE = YES_ERROR;
				GCC_WARN_UNDECLARED_SELECTOR = YES;
				GCC_WARN_UNINITIALIZED_AUTOS = YES_AGGRESSIVE;
				GCC_WARN_UNUSED_FUNCTION = YES;
				GCC_WARN_UNUSED_VARIABLE = YES;
				IPHONEOS_DEPLOYMENT_TARGET = 12.1;
				MTL_ENABLE_DEBUG_INFO = NO;
				MTL_FAST_MATH = YES;
				SDKROOT = iphoneos;
				SWIFT_COMPILATION_MODE = wholemodule;
				SWIFT_OPTIMIZATION_LEVEL = "-O";
				VALIDATE_PRODUCT = YES;
			};
			name = Release;
		};
		2E84CCA82208B056005F303A /* Debug */ = {
			isa = XCBuildConfiguration;
			buildSettings = {
				ASSETCATALOG_COMPILER_APPICON_NAME = AppIcon;
				CODE_SIGN_STYLE = Automatic;
				DEVELOPMENT_TEAM = 9DGMQB3935;
				INFOPLIST_FILE = "$(SRCROOT)/Deck_Of_One_Card/Resources/Info.plist";
				LD_RUNPATH_SEARCH_PATHS = (
					"$(inherited)",
					"@executable_path/Frameworks",
				);
				PRODUCT_BUNDLE_IDENTIFIER = "com.deniztutuncu.Deck-Of-One-Card";
				PRODUCT_NAME = "$(TARGET_NAME)";
				SWIFT_VERSION = 4.2;
				TARGETED_DEVICE_FAMILY = "1,2";
			};
			name = Debug;
		};
		2E84CCA92208B056005F303A /* Release */ = {
			isa = XCBuildConfiguration;
			buildSettings = {
				ASSETCATALOG_COMPILER_APPICON_NAME = AppIcon;
				CODE_SIGN_STYLE = Automatic;
				DEVELOPMENT_TEAM = 9DGMQB3935;
				INFOPLIST_FILE = "$(SRCROOT)/Deck_Of_One_Card/Resources/Info.plist";
				LD_RUNPATH_SEARCH_PATHS = (
					"$(inherited)",
					"@executable_path/Frameworks",
				);
				PRODUCT_BUNDLE_IDENTIFIER = "com.deniztutuncu.Deck-Of-One-Card";
				PRODUCT_NAME = "$(TARGET_NAME)";
				SWIFT_VERSION = 4.2;
				TARGETED_DEVICE_FAMILY = "1,2";
			};
			name = Release;
		};
/* End XCBuildConfiguration section */

/* Begin XCConfigurationList section */
		2E84CC902208B055005F303A /* Build configuration list for PBXProject "Deck_Of_One_Card" */ = {
			isa = XCConfigurationList;
			buildConfigurations = (
				2E84CCA52208B056005F303A /* Debug */,
				2E84CCA62208B056005F303A /* Release */,
			);
			defaultConfigurationIsVisible = 0;
			defaultConfigurationName = Release;
		};
		2E84CCA72208B056005F303A /* Build configuration list for PBXNativeTarget "Deck_Of_One_Card" */ = {
			isa = XCConfigurationList;
			buildConfigurations = (
				2E84CCA82208B056005F303A /* Debug */,
				2E84CCA92208B056005F303A /* Release */,
			);
			defaultConfigurationIsVisible = 0;
			defaultConfigurationName = Release;
		};
/* End XCConfigurationList section */
	};
	rootObject = 2E84CC8D2208B055005F303A /* Project object */;
}
